
Microsoft Visual Studio Solution File, Format Version 12.00
# Visual Studio Version 17
VisualStudioVersion = 17.8.34511.84
MinimumVisualStudioVersion = 10.0.40219.1
Project("{FAE04EC0-301F-11D3-BF4B-00C04F79EFBC}") = "WEBStudennyk.Server", "WEBStudennyk.Server\WEBStudennyk.Server.csproj", "{984366D3-DC1E-4BB8-91B1-7614EEC1A98E}"
EndProject
Project("{54A90642-561A-4BB1-A94E-469ADEE60C69}") = "webstudennyk.client", "webstudennyk.client\webstudennyk.client.esproj", "{DE9790E7-0024-4407-A5B7-1878AA392B08}"
EndProject
Global
	GlobalSection(SolutionConfigurationPlatforms) = preSolution
		Debug|Any CPU = Debug|Any CPU
		Release|Any CPU = Release|Any CPU
	EndGlobalSection
	GlobalSection(ProjectConfigurationPlatforms) = postSolution
		{984366D3-DC1E-4BB8-91B1-7614EEC1A98E}.Debug|Any CPU.ActiveCfg = Debug|Any CPU
		{984366D3-DC1E-4BB8-91B1-7614EEC1A98E}.Debug|Any CPU.Build.0 = Debug|Any CPU
		{984366D3-DC1E-4BB8-91B1-7614EEC1A98E}.Release|Any CPU.ActiveCfg = Release|Any CPU
		{984366D3-DC1E-4BB8-91B1-7614EEC1A98E}.Release|Any CPU.Build.0 = Release|Any CPU
		{DE9790E7-0024-4407-A5B7-1878AA392B08}.Debug|Any CPU.ActiveCfg = Debug|Any CPU
		{DE9790E7-0024-4407-A5B7-1878AA392B08}.Debug|Any CPU.Build.0 = Debug|Any CPU
		{DE9790E7-0024-4407-A5B7-1878AA392B08}.Debug|Any CPU.Deploy.0 = Debug|Any CPU
		{DE9790E7-0024-4407-A5B7-1878AA392B08}.Release|Any CPU.ActiveCfg = Release|Any CPU
		{DE9790E7-0024-4407-A5B7-1878AA392B08}.Release|Any CPU.Build.0 = Release|Any CPU
		{DE9790E7-0024-4407-A5B7-1878AA392B08}.Release|Any CPU.Deploy.0 = Release|Any CPU
	EndGlobalSection
	GlobalSection(SolutionProperties) = preSolution
		HideSolutionNode = FALSE
	EndGlobalSection
	GlobalSection(ExtensibilityGlobals) = postSolution
		SolutionGuid = {659B3923-81A6-4AC3-B56C-685ED78E2063}
	EndGlobalSection
EndGlobal
